// !$*UTF8*$!
{
	archiveVersion = 1;
	classes = {
	};
	objectVersion = 50;
	objects = {

/* Begin PBXBuildFile section */
		2E758665256573AD001D9AB5 /* AppDelegate.swift in Sources */ = {isa = PBXBuildFile; fileRef = 2E758664256573AD001D9AB5 /* AppDelegate.swift */; };
		2E758667256573AD001D9AB5 /* SceneDelegate.swift in Sources */ = {isa = PBXBuildFile; fileRef = 2E758666256573AD001D9AB5 /* SceneDelegate.swift */; };
		2E758669256573AD001D9AB5 /* ViewController.swift in Sources */ = {isa = PBXBuildFile; fileRef = 2E758668256573AD001D9AB5 /* ViewController.swift */; };
		2E75866C256573AE001D9AB5 /* Main.storyboard in Resources */ = {isa = PBXBuildFile; fileRef = 2E75866A256573AE001D9AB5 /* Main.storyboard */; };
		2E75866E256573B0001D9AB5 /* Assets.xcassets in Resources */ = {isa = PBXBuildFile; fileRef = 2E75866D256573B0001D9AB5 /* Assets.xcassets */; };
		2E758671256573B0001D9AB5 /* LaunchScreen.storyboard in Resources */ = {isa = PBXBuildFile; fileRef = 2E75866F256573B0001D9AB5 /* LaunchScreen.storyboard */; };
		2E75867C256573B0001D9AB5 /* RPSTests.swift in Sources */ = {isa = PBXBuildFile; fileRef = 2E75867B256573B0001D9AB5 /* RPSTests.swift */; };
		2E758687256573B0001D9AB5 /* RPSUITests.swift in Sources */ = {isa = PBXBuildFile; fileRef = 2E758686256573B0001D9AB5 /* RPSUITests.swift */; };
/* End PBXBuildFile section */

/* Begin PBXContainerItemProxy section */
		2E758678256573B0001D9AB5 /* PBXContainerItemProxy */ = {
			isa = PBXContainerItemProxy;
			containerPortal = 2E758659256573AD001D9AB5 /* Project object */;
			proxyType = 1;
			remoteGlobalIDString = 2E758660256573AD001D9AB5;
			remoteInfo = RPS;
		};
		2E758683256573B0001D9AB5 /* PBXContainerItemProxy */ = {
			isa = PBXContainerItemProxy;
			containerPortal = 2E758659256573AD001D9AB5 /* Project object */;
			proxyType = 1;
			remoteGlobalIDString = 2E758660256573AD001D9AB5;
			remoteInfo = RPS;
		};
/* End PBXContainerItemProxy section */

/* Begin PBXFileReference section */
		2E758661256573AD001D9AB5 /* RPS.app */ = {isa = PBXFileReference; explicitFileType = wrapper.application; includeInIndex = 0; path = RPS.app; sourceTree = BUILT_PRODUCTS_DIR; };
		2E758664256573AD001D9AB5 /* AppDelegate.swift */ = {isa = PBXFileReference; lastKnownFileType = sourcecode.swift; path = AppDelegate.swift; sourceTree = "<group>"; };
		2E758666256573AD001D9AB5 /* SceneDelegate.swift */ = {isa = PBXFileReference; lastKnownFileType = sourcecode.swift; path = SceneDelegate.swift; sourceTree = "<group>"; };
		2E758668256573AD001D9AB5 /* ViewController.swift */ = {isa = PBXFileReference; lastKnownFileType = sourcecode.swift; path = ViewController.swift; sourceTree = "<group>"; };
		2E75866B256573AE001D9AB5 /* Base */ = {isa = PBXFileReference; lastKnownFileType = file.storyboard; name = Base; path = Base.lproj/Main.storyboard; sourceTree = "<group>"; };
		2E75866D256573B0001D9AB5 /* Assets.xcassets */ = {isa = PBXFileReference; lastKnownFileType = folder.assetcatalog; path = Assets.xcassets; sourceTree = "<group>"; };
		2E758670256573B0001D9AB5 /* Base */ = {isa = PBXFileReference; lastKnownFileType = file.storyboard; name = Base; path = Base.lproj/LaunchScreen.storyboard; sourceTree = "<group>"; };
		2E758672256573B0001D9AB5 /* Info.plist */ = {isa = PBXFileReference; lastKnownFileType = text.plist.xml; path = Info.plist; sourceTree = "<group>"; };
		2E758677256573B0001D9AB5 /* RPSTests.xctest */ = {isa = PBXFileReference; explicitFileType = wrapper.cfbundle; includeInIndex = 0; path = RPSTests.xctest; sourceTree = BUILT_PRODUCTS_DIR; };
		2E75867B256573B0001D9AB5 /* RPSTests.swift */ = {isa = PBXFileReference; lastKnownFileType = sourcecode.swift; path = RPSTests.swift; sourceTree = "<group>"; };
		2E75867D256573B0001D9AB5 /* Info.plist */ = {isa = PBXFileReference; lastKnownFileType = text.plist.xml; path = Info.plist; sourceTree = "<group>"; };
		2E758682256573B0001D9AB5 /* RPSUITests.xctest */ = {isa = PBXFileReference; explicitFileType = wrapper.cfbundle; includeInIndex = 0; path = RPSUITests.xctest; sourceTree = BUILT_PRODUCTS_DIR; };
		2E758686256573B0001D9AB5 /* RPSUITests.swift */ = {isa = PBXFileReference; lastKnownFileType = sourcecode.swift; path = RPSUITests.swift; sourceTree = "<group>"; };
		2E758688256573B0001D9AB5 /* Info.plist */ = {isa = PBXFileReference; lastKnownFileType = text.plist.xml; path = Info.plist; sourceTree = "<group>"; };
/* End PBXFileReference section */

/* Begin PBXFrameworksBuildPhase section */
		2E75865E256573AD001D9AB5 /* Frameworks */ = {
			isa = PBXFrameworksBuildPhase;
			buildActionMask = 2147483647;
			files = (
			);
			runOnlyForDeploymentPostprocessing = 0;
		};
		2E758674256573B0001D9AB5 /* Frameworks */ = {
			isa = PBXFrameworksBuildPhase;
			buildActionMask = 2147483647;
			files = (
			);
			runOnlyForDeploymentPostprocessing = 0;
		};
		2E75867F256573B0001D9AB5 /* Frameworks */ = {
			isa = PBXFrameworksBuildPhase;
			buildActionMask = 2147483647;
			files = (
			);
			runOnlyForDeploymentPostprocessing = 0;
		};
/* End PBXFrameworksBuildPhase section */

/* Begin PBXGroup section */
		2E758658256573AD001D9AB5 = {
			isa = PBXGroup;
			children = (
				2E758663256573AD001D9AB5 /* RPS */,
				2E75867A256573B0001D9AB5 /* RPSTests */,
				2E758685256573B0001D9AB5 /* RPSUITests */,
				2E758662256573AD001D9AB5 /* Products */,
			);
			sourceTree = "<group>";
		};
		2E758662256573AD001D9AB5 /* Products */ = {
			isa = PBXGroup;
			children = (
				2E758661256573AD001D9AB5 /* RPS.app */,
				2E758677256573B0001D9AB5 /* RPSTests.xctest */,
				2E758682256573B0001D9AB5 /* RPSUITests.xctest */,
			);
			name = Products;
			sourceTree = "<group>";
		};
		2E758663256573AD001D9AB5 /* RPS */ = {
			isa = PBXGroup;
			children = (
				2E758664256573AD001D9AB5 /* AppDelegate.swift */,
				2E758666256573AD001D9AB5 /* SceneDelegate.swift */,
				2E758668256573AD001D9AB5 /* ViewController.swift */,
				2E75866A256573AE001D9AB5 /* Main.storyboard */,
				2E75866D256573B0001D9AB5 /* Assets.xcassets */,
				2E75866F256573B0001D9AB5 /* LaunchScreen.storyboard */,
				2E758672256573B0001D9AB5 /* Info.plist */,
			);
			path = RPS;
			sourceTree = "<group>";
		};
		2E75867A256573B0001D9AB5 /* RPSTests */ = {
			isa = PBXGroup;
			children = (
				2E75867B256573B0001D9AB5 /* RPSTests.swift */,
				2E75867D256573B0001D9AB5 /* Info.plist */,
			);
			path = RPSTests;
			sourceTree = "<group>";
		};
		2E758685256573B0001D9AB5 /* RPSUITests */ = {
			isa = PBXGroup;
			children = (
				2E758686256573B0001D9AB5 /* RPSUITests.swift */,
				2E758688256573B0001D9AB5 /* Info.plist */,
			);
			path = RPSUITests;
			sourceTree = "<group>";
		};
/* End PBXGroup section */

/* Begin PBXNativeTarget section */
		2E758660256573AD001D9AB5 /* RPS */ = {
			isa = PBXNativeTarget;
			buildConfigurationList = 2E75868B256573B0001D9AB5 /* Build configuration list for PBXNativeTarget "RPS" */;
			buildPhases = (
				2E75865D256573AD001D9AB5 /* Sources */,
				2E75865E256573AD001D9AB5 /* Frameworks */,
				2E75865F256573AD001D9AB5 /* Resources */,
			);
			buildRules = (
			);
			dependencies = (
			);
			name = RPS;
			productName = RPS;
			productReference = 2E758661256573AD001D9AB5 /* RPS.app */;
			productType = "com.apple.product-type.application";
		};
		2E758676256573B0001D9AB5 /* RPSTests */ = {
			isa = PBXNativeTarget;
			buildConfigurationList = 2E75868E256573B0001D9AB5 /* Build configuration list for PBXNativeTarget "RPSTests" */;
			buildPhases = (
				2E758673256573B0001D9AB5 /* Sources */,
				2E758674256573B0001D9AB5 /* Frameworks */,
				2E758675256573B0001D9AB5 /* Resources */,
			);
			buildRules = (
			);
			dependencies = (
				2E758679256573B0001D9AB5 /* PBXTargetDependency */,
			);
			name = RPSTests;
			productName = RPSTests;
			productReference = 2E758677256573B0001D9AB5 /* RPSTests.xctest */;
			productType = "com.apple.product-type.bundle.unit-test";
		};
		2E758681256573B0001D9AB5 /* RPSUITests */ = {
			isa = PBXNativeTarget;
			buildConfigurationList = 2E758691256573B0001D9AB5 /* Build configuration list for PBXNativeTarget "RPSUITests" */;
			buildPhases = (
				2E75867E256573B0001D9AB5 /* Sources */,
				2E75867F256573B0001D9AB5 /* Frameworks */,
				2E758680256573B0001D9AB5 /* Resources */,
			);
			buildRules = (
			);
			dependencies = (
				2E758684256573B0001D9AB5 /* PBXTargetDependency */,
			);
			name = RPSUITests;
			productName = RPSUITests;
			productReference = 2E758682256573B0001D9AB5 /* RPSUITests.xctest */;
			productType = "com.apple.product-type.bundle.ui-testing";
		};
/* End PBXNativeTarget section */

/* Begin PBXProject section */
		2E758659256573AD001D9AB5 /* Project object */ = {
			isa = PBXProject;
			attributes = {
				LastSwiftUpdateCheck = 1220;
				LastUpgradeCheck = 1220;
				TargetAttributes = {
					2E758660256573AD001D9AB5 = {
						CreatedOnToolsVersion = 12.2;
					};
					2E758676256573B0001D9AB5 = {
						CreatedOnToolsVersion = 12.2;
						TestTargetID = 2E758660256573AD001D9AB5;
					};
					2E758681256573B0001D9AB5 = {
						CreatedOnToolsVersion = 12.2;
						TestTargetID = 2E758660256573AD001D9AB5;
					};
				};
			};
			buildConfigurationList = 2E75865C256573AD001D9AB5 /* Build configuration list for PBXProject "RPS" */;
			compatibilityVersion = "Xcode 9.3";
			developmentRegion = en;
			hasScannedForEncodings = 0;
			knownRegions = (
				en,
				Base,
			);
			mainGroup = 2E758658256573AD001D9AB5;
			productRefGroup = 2E758662256573AD001D9AB5 /* Products */;
			projectDirPath = "";
			projectRoot = "";
			targets = (
				2E758660256573AD001D9AB5 /* RPS */,
				2E758676256573B0001D9AB5 /* RPSTests */,
				2E758681256573B0001D9AB5 /* RPSUITests */,
			);
		};
/* End PBXProject section */

/* Begin PBXResourcesBuildPhase section */
		2E75865F256573AD001D9AB5 /* Resources */ = {
			isa = PBXResourcesBuildPhase;
			buildActionMask = 2147483647;
			files = (
				2E758671256573B0001D9AB5 /* LaunchScreen.storyboard in Resources */,
				2E75866E256573B0001D9AB5 /* Assets.xcassets in Resources */,
				2E75866C256573AE001D9AB5 /* Main.storyboard in Resources */,
			);
			runOnlyForDeploymentPostprocessing = 0;
		};
		2E758675256573B0001D9AB5 /* Resources */ = {
			isa = PBXResourcesBuildPhase;
			buildActionMask = 2147483647;
			files = (
			);
			runOnlyForDeploymentPostprocessing = 0;
		};
		2E758680256573B0001D9AB5 /* Resources */ = {
			isa = PBXResourcesBuildPhase;
			buildActionMask = 2147483647;
			files = (
			);
			runOnlyForDeploymentPostprocessing = 0;
		};
/* End PBXResourcesBuildPhase section */

/* Begin PBXSourcesBuildPhase section */
		2E75865D256573AD001D9AB5 /* Sources */ = {
			isa = PBXSourcesBuildPhase;
			buildActionMask = 2147483647;
			files = (
				2E758669256573AD001D9AB5 /* ViewController.swift in Sources */,
				2E758665256573AD001D9AB5 /* AppDelegate.swift in Sources */,
				2E758667256573AD001D9AB5 /* SceneDelegate.swift in Sources */,
			);
			runOnlyForDeploymentPostprocessing = 0;
		};
		2E758673256573B0001D9AB5 /* Sources */ = {
			isa = PBXSourcesBuildPhase;
			buildActionMask = 2147483647;
			files = (
				2E75867C256573B0001D9AB5 /* RPSTests.swift in Sources */,
			);
			runOnlyForDeploymentPostprocessing = 0;
		};
		2E75867E256573B0001D9AB5 /* Sources */ = {
			isa = PBXSourcesBuildPhase;
			buildActionMask = 2147483647;
			files = (
				2E758687256573B0001D9AB5 /* RPSUITests.swift in Sources */,
			);
			runOnlyForDeploymentPostprocessing = 0;
		};
/* End PBXSourcesBuildPhase section */

/* Begin PBXTargetDependency section */
		2E758679256573B0001D9AB5 /* PBXTargetDependency */ = {
			isa = PBXTargetDependency;
			target = 2E758660256573AD001D9AB5 /* RPS */;
			targetProxy = 2E758678256573B0001D9AB5 /* PBXContainerItemProxy */;
		};
		2E758684256573B0001D9AB5 /* PBXTargetDependency */ = {
			isa = PBXTargetDependency;
			target = 2E758660256573AD001D9AB5 /* RPS */;
			targetProxy = 2E758683256573B0001D9AB5 /* PBXContainerItemProxy */;
		};
/* End PBXTargetDependency section */

/* Begin PBXVariantGroup section */
		2E75866A256573AE001D9AB5 /* Main.storyboard */ = {
			isa = PBXVariantGroup;
			children = (
				2E75866B256573AE001D9AB5 /* Base */,
			);
			name = Main.storyboard;
			sourceTree = "<group>";
		};
		2E75866F256573B0001D9AB5 /* LaunchScreen.storyboard */ = {
			isa = PBXVariantGroup;
			children = (
				2E758670256573B0001D9AB5 /* Base */,
			);
			name = LaunchScreen.storyboard;
			sourceTree = "<group>";
		};
/* End PBXVariantGroup section */

/* Begin XCBuildConfiguration section */
		2E758689256573B0001D9AB5 /* Debug */ = {
			isa = XCBuildConfiguration;
			buildSettings = {
				ALWAYS_SEARCH_USER_PATHS = NO;
				CLANG_ANALYZER_NONNULL = YES;
				CLANG_ANALYZER_NUMBER_OBJECT_CONVERSION = YES_AGGRESSIVE;
				CLANG_CXX_LANGUAGE_STANDARD = "gnu++14";
				CLANG_CXX_LIBRARY = "libc++";
				CLANG_ENABLE_MODULES = YES;
				CLANG_ENABLE_OBJC_ARC = YES;
				CLANG_ENABLE_OBJC_WEAK = YES;
				CLANG_WARN_BLOCK_CAPTURE_AUTORELEASING = YES;
				CLANG_WARN_BOOL_CONVERSION = YES;
				CLANG_WARN_COMMA = YES;
				CLANG_WARN_CONSTANT_CONVERSION = YES;
				CLANG_WARN_DEPRECATED_OBJC_IMPLEMENTATIONS = YES;
				CLANG_WARN_DIRECT_OBJC_ISA_USAGE = YES_ERROR;
				CLANG_WARN_DOCUMENTATION_COMMENTS = YES;
				CLANG_WARN_EMPTY_BODY = YES;
				CLANG_WARN_ENUM_CONVERSION = YES;
				CLANG_WARN_INFINITE_RECURSION = YES;
				CLANG_WARN_INT_CONVERSION = YES;
				CLANG_WARN_NON_LITERAL_NULL_CONVERSION = YES;
				CLANG_WARN_OBJC_IMPLICIT_RETAIN_SELF = YES;
				CLANG_WARN_OBJC_LITERAL_CONVERSION = YES;
				CLANG_WARN_OBJC_ROOT_CLASS = YES_ERROR;
				CLANG_WARN_QUOTED_INCLUDE_IN_FRAMEWORK_HEADER = YES;
				CLANG_WARN_RANGE_LOOP_ANALYSIS = YES;
				CLANG_WARN_STRICT_PROTOTYPES = YES;
				CLANG_WARN_SUSPICIOUS_MOVE = YES;
				CLANG_WARN_UNGUARDED_AVAILABILITY = YES_AGGRESSIVE;
				CLANG_WARN_UNREACHABLE_CODE = YES;
				CLANG_WARN__DUPLICATE_METHOD_MATCH = YES;
				COPY_PHASE_STRIP = NO;
				DEBUG_INFORMATION_FORMAT = dwarf;
				ENABLE_STRICT_OBJC_MSGSEND = YES;
				ENABLE_TESTABILITY = YES;
				GCC_C_LANGUAGE_STANDARD = gnu11;
				GCC_DYNAMIC_NO_PIC = NO;
				GCC_NO_COMMON_BLOCKS = YES;
				GCC_OPTIMIZATION_LEVEL = 0;
				GCC_PREPROCESSOR_DEFINITIONS = (
					"DEBUG=1",
					"$(inherited)",
				);
				GCC_WARN_64_TO_32_BIT_CONVERSION = YES;
				GCC_WARN_ABOUT_RETURN_TYPE = YES_ERROR;
				GCC_WARN_UNDECLARED_SELECTOR = YES;
				GCC_WARN_UNINITIALIZED_AUTOS = YES_AGGRESSIVE;
				GCC_WARN_UNUSED_FUNCTION = YES;
				GCC_WARN_UNUSED_VARIABLE = YES;
				IPHONEOS_DEPLOYMENT_TARGET = 14.2;
				MTL_ENABLE_DEBUG_INFO = INCLUDE_SOURCE;
				MTL_FAST_MATH = YES;
				ONLY_ACTIVE_ARCH = YES;
				SDKROOT = iphoneos;
				SWIFT_ACTIVE_COMPILATION_CONDITIONS = DEBUG;
				SWIFT_OPTIMIZATION_LEVEL = "-Onone";
			};
			name = Debug;
		};
		2E75868A256573B0001D9AB5 /* Release */ = {
			isa = XCBuildConfiguration;
			buildSettings = {
				ALWAYS_SEARCH_USER_PATHS = NO;
				CLANG_ANALYZER_NONNULL = YES;
				CLANG_ANALYZER_NUMBER_OBJECT_CONVERSION = YES_AGGRESSIVE;
				CLANG_CXX_LANGUAGE_STANDARD = "gnu++14";
				CLANG_CXX_LIBRARY = "libc++";
				CLANG_ENABLE_MODULES = YES;
				CLANG_ENABLE_OBJC_ARC = YES;
				CLANG_ENABLE_OBJC_WEAK = YES;
				CLANG_WARN_BLOCK_CAPTURE_AUTORELEASING = YES;
				CLANG_WARN_BOOL_CONVERSION = YES;
				CLANG_WARN_COMMA = YES;
				CLANG_WARN_CONSTANT_CONVERSION = YES;
				CLANG_WARN_DEPRECATED_OBJC_IMPLEMENTATIONS = YES;
				CLANG_WARN_DIRECT_OBJC_ISA_USAGE = YES_ERROR;
				CLANG_WARN_DOCUMENTATION_COMMENTS = YES;
				CLANG_WARN_EMPTY_BODY = YES;
				CLANG_WARN_ENUM_CONVERSION = YES;
				CLANG_WARN_INFINITE_RECURSION = YES;
				CLANG_WARN_INT_CONVERSION = YES;
				CLANG_WARN_NON_LITERAL_NULL_CONVERSION = YES;
				CLANG_WARN_OBJC_IMPLICIT_RETAIN_SELF = YES;
				CLANG_WARN_OBJC_LITERAL_CONVERSION = YES;
				CLANG_WARN_OBJC_ROOT_CLASS = YES_ERROR;
				CLANG_WARN_QUOTED_INCLUDE_IN_FRAMEWORK_HEADER = YES;
				CLANG_WARN_RANGE_LOOP_ANALYSIS = YES;
				CLANG_WARN_STRICT_PROTOTYPES = YES;
				CLANG_WARN_SUSPICIOUS_MOVE = YES;
				CLANG_WARN_UNGUARDED_AVAILABILITY = YES_AGGRESSIVE;
				CLANG_WARN_UNREACHABLE_CODE = YES;
				CLANG_WARN__DUPLICATE_METHOD_MATCH = YES;
				COPY_PHASE_STRIP = NO;
				DEBUG_INFORMATION_FORMAT = "dwarf-with-dsym";
				ENABLE_NS_ASSERTIONS = NO;
				ENABLE_STRICT_OBJC_MSGSEND = YES;
				GCC_C_LANGUAGE_STANDARD = gnu11;
				GCC_NO_COMMON_BLOCKS = YES;
				GCC_WARN_64_TO_32_BIT_CONVERSION = YES;
				GCC_WARN_ABOUT_RETURN_TYPE = YES_ERROR;
				GCC_WARN_UNDECLARED_SELECTOR = YES;
				GCC_WARN_UNINITIALIZED_AUTOS = YES_AGGRESSIVE;
				GCC_WARN_UNUSED_FUNCTION = YES;
				GCC_WARN_UNUSED_VARIABLE = YES;
				IPHONEOS_DEPLOYMENT_TARGET = 14.2;
				MTL_ENABLE_DEBUG_INFO = NO;
				MTL_FAST_MATH = YES;
				SDKROOT = iphoneos;
				SWIFT_COMPILATION_MODE = wholemodule;
				SWIFT_OPTIMIZATION_LEVEL = "-O";
				VALIDATE_PRODUCT = YES;
			};
			name = Release;
		};
		2E75868C256573B0001D9AB5 /* Debug */ = {
			isa = XCBuildConfiguration;
			buildSettings = {
				ASSETCATALOG_COMPILER_APPICON_NAME = AppIcon;
				ASSETCATALOG_COMPILER_GLOBAL_ACCENT_COLOR_NAME = AccentColor;
				CODE_SIGN_STYLE = Automatic;
				INFOPLIST_FILE = RPS/Info.plist;
				LD_RUNPATH_SEARCH_PATHS = (
					"$(inherited)",
					"@executable_path/Frameworks",
				);
				PRODUCT_BUNDLE_IDENTIFIER = VES.RPS;
				PRODUCT_NAME = "$(TARGET_NAME)";
				SWIFT_VERSION = 5.0;
				TARGETED_DEVICE_FAMILY = "1,2";
			};
			name = Debug;
		};
		2E75868D256573B0001D9AB5 /* Release */ = {
			isa = XCBuildConfiguration;
			buildSettings = {
				ASSETCATALOG_COMPILER_APPICON_NAME = AppIcon;
				ASSETCATALOG_COMPILER_GLOBAL_ACCENT_COLOR_NAME = AccentColor;
				CODE_SIGN_STYLE = Automatic;
				INFOPLIST_FILE = RPS/Info.plist;
				LD_RUNPATH_SEARCH_PATHS = (
					"$(inherited)",
					"@executable_path/Frameworks",
				);
				PRODUCT_BUNDLE_IDENTIFIER = VES.RPS;
				PRODUCT_NAME = "$(TARGET_NAME)";
				SWIFT_VERSION = 5.0;
				TARGETED_DEVICE_FAMILY = "1,2";
			};
			name = Release;
		};
		2E75868F256573B0001D9AB5 /* Debug */ = {
			isa = XCBuildConfiguration;
			buildSettings = {
				ALWAYS_EMBED_SWIFT_STANDARD_LIBRARIES = YES;
				BUNDLE_LOADER = "$(TEST_HOST)";
				CODE_SIGN_STYLE = Automatic;
				INFOPLIST_FILE = RPSTests/Info.plist;
				IPHONEOS_DEPLOYMENT_TARGET = 14.2;
				LD_RUNPATH_SEARCH_PATHS = (
					"$(inherited)",
					"@executable_path/Frameworks",
					"@loader_path/Frameworks",
				);
				PRODUCT_BUNDLE_IDENTIFIER = VES.RPSTests;
				PRODUCT_NAME = "$(TARGET_NAME)";
				SWIFT_VERSION = 5.0;
				TARGETED_DEVICE_FAMILY = "1,2";
				TEST_HOST = "$(BUILT_PRODUCTS_DIR)/RPS.app/RPS";
			};
			name = Debug;
		};
		2E758690256573B0001D9AB5 /* Release */ = {
			isa = XCBuildConfiguration;
			buildSettings = {
				ALWAYS_EMBED_SWIFT_STANDARD_LIBRARIES = YES;
				BUNDLE_LOADER = "$(TEST_HOST)";
				CODE_SIGN_STYLE = Automatic;
				INFOPLIST_FILE = RPSTests/Info.plist;
				IPHONEOS_DEPLOYMENT_TARGET = 14.2;
				LD_RUNPATH_SEARCH_PATHS = (
					"$(inherited)",
					"@executable_path/Frameworks",
					"@loader_path/Frameworks",
				);
				PRODUCT_BUNDLE_IDENTIFIER = VES.RPSTests;
				PRODUCT_NAME = "$(TARGET_NAME)";
				SWIFT_VERSION = 5.0;
				TARGETED_DEVICE_FAMILY = "1,2";
				TEST_HOST = "$(BUILT_PRODUCTS_DIR)/RPS.app/RPS";
			};
			name = Release;
		};
		2E758692256573B0001D9AB5 /* Debug */ = {
			isa = XCBuildConfiguration;
			buildSettings = {
				ALWAYS_EMBED_SWIFT_STANDARD_LIBRARIES = YES;
				CODE_SIGN_STYLE = Automatic;
				INFOPLIST_FILE = RPSUITests/Info.plist;
				LD_RUNPATH_SEARCH_PATHS = (
					"$(inherited)",
					"@executable_path/Frameworks",
					"@loader_path/Frameworks",
				);
				PRODUCT_BUNDLE_IDENTIFIER = VES.RPSUITests;
				PRODUCT_NAME = "$(TARGET_NAME)";
				SWIFT_VERSION = 5.0;
				TARGETED_DEVICE_FAMILY = "1,2";
				TEST_TARGET_NAME = RPS;
			};
			name = Debug;
		};
		2E758693256573B0001D9AB5 /* Release */ = {
			isa = XCBuildConfiguration;
			buildSettings = {
				ALWAYS_EMBED_SWIFT_STANDARD_LIBRARIES = YES;
				CODE_SIGN_STYLE = Automatic;
				INFOPLIST_FILE = RPSUITests/Info.plist;
				LD_RUNPATH_SEARCH_PATHS = (
					"$(inherited)",
					"@executable_path/Frameworks",
					"@loader_path/Frameworks",
				);
				PRODUCT_BUNDLE_IDENTIFIER = VES.RPSUITests;
				PRODUCT_NAME = "$(TARGET_NAME)";
				SWIFT_VERSION = 5.0;
				TARGETED_DEVICE_FAMILY = "1,2";
				TEST_TARGET_NAME = RPS;
			};
			name = Release;
		};
/* End XCBuildConfiguration section */

/* Begin XCConfigurationList section */
		2E75865C256573AD001D9AB5 /* Build configuration list for PBXProject "RPS" */ = {
			isa = XCConfigurationList;
			buildConfigurations = (
				2E758689256573B0001D9AB5 /* Debug */,
				2E75868A256573B0001D9AB5 /* Release */,
			);
			defaultConfigurationIsVisible = 0;
			defaultConfigurationName = Release;
		};
		2E75868B256573B0001D9AB5 /* Build configuration list for PBXNativeTarget "RPS" */ = {
			isa = XCConfigurationList;
			buildConfigurations = (
				2E75868C256573B0001D9AB5 /* Debug */,
				2E75868D256573B0001D9AB5 /* Release */,
			);
			defaultConfigurationIsVisible = 0;
			defaultConfigurationName = Release;
		};
		2E75868E256573B0001D9AB5 /* Build configuration list for PBXNativeTarget "RPSTests" */ = {
			isa = XCConfigurationList;
			buildConfigurations = (
				2E75868F256573B0001D9AB5 /* Debug */,
				2E758690256573B0001D9AB5 /* Release */,
			);
			defaultConfigurationIsVisible = 0;
			defaultConfigurationName = Release;
		};
		2E758691256573B0001D9AB5 /* Build configuration list for PBXNativeTarget "RPSUITests" */ = {
			isa = XCConfigurationList;
			buildConfigurations = (
				2E758692256573B0001D9AB5 /* Debug */,
				2E758693256573B0001D9AB5 /* Release */,
			);
			defaultConfigurationIsVisible = 0;
			defaultConfigurationName = Release;
		};
/* End XCConfigurationList section */
	};
	rootObject = 2E758659256573AD001D9AB5 /* Project object */;
}
